
Microsoft Visual Studio Solution File, Format Version 12.00
# Visual Studio Version 17
VisualStudioVersion = 17.14.36408.4
MinimumVisualStudioVersion = 10.0.40219.1
Project("{FAE04EC0-301F-11D3-BF4B-00C04F79EFBC}") = "Oppgave1", "Oppgave1\Oppgave1.csproj", "{B2941486-DDEB-4F6E-8488-45B782D38A83}"
EndProject
Project("{FAE04EC0-301F-11D3-BF4B-00C04F79EFBC}") = "oppgave1.Test", "oppgave1.Test\oppgave1.Test.csproj", "{C45D5592-0393-4EE8-A5F9-F8EA4A4B6266}"
EndProject
Global
	GlobalSection(SolutionConfigurationPlatforms) = preSolution
		Debug|Any CPU = Debug|Any CPU
		Release|Any CPU = Release|Any CPU
	EndGlobalSection
	GlobalSection(ProjectConfigurationPlatforms) = postSolution
		{B2941486-DDEB-4F6E-8488-45B782D38A83}.Debug|Any CPU.ActiveCfg = Debug|Any CPU
		{B2941486-DDEB-4F6E-8488-45B782D38A83}.Debug|Any CPU.Build.0 = Debug|Any CPU
		{B2941486-DDEB-4F6E-8488-45B782D38A83}.Release|Any CPU.ActiveCfg = Release|Any CPU
		{B2941486-DDEB-4F6E-8488-45B782D38A83}.Release|Any CPU.Build.0 = Release|Any CPU
		{C45D5592-0393-4EE8-A5F9-F8EA4A4B6266}.Debug|Any CPU.ActiveCfg = Debug|Any CPU
		{C45D5592-0393-4EE8-A5F9-F8EA4A4B6266}.Debug|Any CPU.Build.0 = Debug|Any CPU
		{C45D5592-0393-4EE8-A5F9-F8EA4A4B6266}.Release|Any CPU.ActiveCfg = Release|Any CPU
		{C45D5592-0393-4EE8-A5F9-F8EA4A4B6266}.Release|Any CPU.Build.0 = Release|Any CPU
	EndGlobalSection
	GlobalSection(SolutionProperties) = preSolution
		HideSolutionNode = FALSE
	EndGlobalSection
	GlobalSection(ExtensibilityGlobals) = postSolution
		SolutionGuid = {68673E75-0015-41CF-992F-AB5ECFAB5A83}
	EndGlobalSection
EndGlobal
